
Microsoft Visual Studio Solution File, Format Version 12.00
# Visual Studio Version 16
VisualStudioVersion = 16.0.29418.71
MinimumVisualStudioVersion = 10.0.40219.1
Project("{9A19103F-16F7-4668-BE54-9A1E7A4F7556}") = "IosAndroidSpecflowExample", "IosAndroidSpecflowExample.AcceptanceTests\IosAndroidSpecflowExample.csproj", "{900B2ED5-F312-4600-A0CA-90D26AFFD92F}"
EndProject
Global
	GlobalSection(SolutionConfigurationPlatforms) = preSolution
		Debug|Any CPU = Debug|Any CPU
		Release|Any CPU = Release|Any CPU
	EndGlobalSection
	GlobalSection(ProjectConfigurationPlatforms) = postSolution
		{900B2ED5-F312-4600-A0CA-90D26AFFD92F}.Debug|Any CPU.ActiveCfg = Debug|Any CPU
		{900B2ED5-F312-4600-A0CA-90D26AFFD92F}.Debug|Any CPU.Build.0 = Debug|Any CPU
		{900B2ED5-F312-4600-A0CA-90D26AFFD92F}.Release|Any CPU.ActiveCfg = Release|Any CPU
		{900B2ED5-F312-4600-A0CA-90D26AFFD92F}.Release|Any CPU.Build.0 = Release|Any CPU
	EndGlobalSection
	GlobalSection(SolutionProperties) = preSolution
		HideSolutionNode = FALSE
	EndGlobalSection
	GlobalSection(ExtensibilityGlobals) = postSolution
		SolutionGuid = {DF215D6C-DFF2-4382-BB7F-80329C1B5D44}
	EndGlobalSection
EndGlobal
